
Microsoft Visual Studio Solution File, Format Version 12.00
# Visual Studio Version 16
VisualStudioVersion = 16.0.31321.278
MinimumVisualStudioVersion = 10.0.40219.1
Project("{FAE04EC0-301F-11D3-BF4B-00C04F79EFBC}") = "tower_of_hanoi", "tower_of_hanoi.csproj", "{13F314D0-8CCB-4391-9903-122DE2305E54}"
EndProject
Global
	GlobalSection(SolutionConfigurationPlatforms) = preSolution
		Debug|Any CPU = Debug|Any CPU
		Release|Any CPU = Release|Any CPU
	EndGlobalSection
	GlobalSection(ProjectConfigurationPlatforms) = postSolution
		{13F314D0-8CCB-4391-9903-122DE2305E54}.Debug|Any CPU.ActiveCfg = Debug|Any CPU
		{13F314D0-8CCB-4391-9903-122DE2305E54}.Debug|Any CPU.Build.0 = Debug|Any CPU
		{13F314D0-8CCB-4391-9903-122DE2305E54}.Release|Any CPU.ActiveCfg = Release|Any CPU
		{13F314D0-8CCB-4391-9903-122DE2305E54}.Release|Any CPU.Build.0 = Release|Any CPU
	EndGlobalSection
	GlobalSection(SolutionProperties) = preSolution
		HideSolutionNode = FALSE
	EndGlobalSection
	GlobalSection(ExtensibilityGlobals) = postSolution
		SolutionGuid = {E797A85D-CE44-433C-8A64-3CE8234DB337}
	EndGlobalSection
EndGlobal
